
Microsoft Visual Studio Solution File, Format Version 12.00
# Visual Studio Version 16
VisualStudioVersion = 16.0.29613.14
MinimumVisualStudioVersion = 10.0.40219.1
Project("{9A19103F-16F7-4668-BE54-9A1E7A4F7556}") = "BitcoinBook", "BitcoinBook\BitcoinBook.csproj", "{35F56129-D7B0-49DD-BC95-3BF7E12B953D}"
EndProject
Project("{FAE04EC0-301F-11D3-BF4B-00C04F79EFBC}") = "BitcoinBook.Test", "BitcoinBook.Test\BitcoinBook.Test.csproj", "{B04B6A4D-8B78-4BD8-8FEE-70505B2FAED0}"
EndProject
Global
	GlobalSection(SolutionConfigurationPlatforms) = preSolution
		Debug|Any CPU = Debug|Any CPU
		Release|Any CPU = Release|Any CPU
	EndGlobalSection
	GlobalSection(ProjectConfigurationPlatforms) = postSolution
		{35F56129-D7B0-49DD-BC95-3BF7E12B953D}.Debug|Any CPU.ActiveCfg = Debug|Any CPU
		{35F56129-D7B0-49DD-BC95-3BF7E12B953D}.Debug|Any CPU.Build.0 = Debug|Any CPU
		{35F56129-D7B0-49DD-BC95-3BF7E12B953D}.Release|Any CPU.ActiveCfg = Release|Any CPU
		{35F56129-D7B0-49DD-BC95-3BF7E12B953D}.Release|Any CPU.Build.0 = Release|Any CPU
		{B04B6A4D-8B78-4BD8-8FEE-70505B2FAED0}.Debug|Any CPU.ActiveCfg = Debug|Any CPU
		{B04B6A4D-8B78-4BD8-8FEE-70505B2FAED0}.Debug|Any CPU.Build.0 = Debug|Any CPU
		{B04B6A4D-8B78-4BD8-8FEE-70505B2FAED0}.Release|Any CPU.ActiveCfg = Release|Any CPU
		{B04B6A4D-8B78-4BD8-8FEE-70505B2FAED0}.Release|Any CPU.Build.0 = Release|Any CPU
	EndGlobalSection
	GlobalSection(SolutionProperties) = preSolution
		HideSolutionNode = FALSE
	EndGlobalSection
	GlobalSection(ExtensibilityGlobals) = postSolution
		SolutionGuid = {2C44DA75-E0DB-45F0-8A53-D7A0E05A570A}
	EndGlobalSection
EndGlobal
